
Microsoft Visual Studio Solution File, Format Version 12.00
Project("{2150E333-8FDC-42A3-9474-1A3956D46DE8}") = "Presentation", "Presentation", "{BF520D7C-1A5B-4413-BEC2-4DD1D94BE6A3}"
EndProject
Project("{2150E333-8FDC-42A3-9474-1A3956D46DE8}") = "Core", "Core", "{CD7514AD-2227-42B5-829F-2A416B901DEF}"
EndProject
Project("{FAE04EC0-301F-11D3-BF4B-00C04F79EFBC}") = "InfoKeeper.Core.Models", "InfoKeeper.Core.Models\InfoKeeper.Core.Models.csproj", "{97241024-30A9-44FF-B116-AB07E6577586}"
EndProject
Project("{FAE04EC0-301F-11D3-BF4B-00C04F79EFBC}") = "InfoKeeper.Presentation.Api", "InfoKeeper.Presentation.Api\InfoKeeper.Presentation.Api.csproj", "{7803D832-E883-4BD6-B2FA-0F876A8535DE}"
EndProject
Project("{2150E333-8FDC-42A3-9474-1A3956D46DE8}") = "Infrastructure", "Infrastructure", "{A916EBB0-491C-440C-844D-B4E29F0A372F}"
EndProject
Project("{FAE04EC0-301F-11D3-BF4B-00C04F79EFBC}") = "InfoKeeper.Infrastructure.Database.Abstract", "InfoKeeper.Infrastructure.Database.Abstract\InfoKeeper.Infrastructure.Database.Abstract.csproj", "{007F721B-2E77-4B81-BA4E-3A50191C2B1A}"
EndProject
Project("{FAE04EC0-301F-11D3-BF4B-00C04F79EFBC}") = "InfoKeeper.Infrastructure.Database.MongoDB", "InfoKeeper.Infrastructure.Database.MongoDB\InfoKeeper.Infrastructure.Database.MongoDB.csproj", "{92F4E62F-27D5-40A9-A63D-E22C52C0C41D}"
EndProject
Global
	GlobalSection(SolutionConfigurationPlatforms) = preSolution
		Debug|Any CPU = Debug|Any CPU
		Release|Any CPU = Release|Any CPU
	EndGlobalSection
	GlobalSection(ProjectConfigurationPlatforms) = postSolution
		{97241024-30A9-44FF-B116-AB07E6577586}.Debug|Any CPU.ActiveCfg = Debug|Any CPU
		{97241024-30A9-44FF-B116-AB07E6577586}.Debug|Any CPU.Build.0 = Debug|Any CPU
		{97241024-30A9-44FF-B116-AB07E6577586}.Release|Any CPU.ActiveCfg = Release|Any CPU
		{97241024-30A9-44FF-B116-AB07E6577586}.Release|Any CPU.Build.0 = Release|Any CPU
		{7803D832-E883-4BD6-B2FA-0F876A8535DE}.Debug|Any CPU.ActiveCfg = Debug|Any CPU
		{7803D832-E883-4BD6-B2FA-0F876A8535DE}.Debug|Any CPU.Build.0 = Debug|Any CPU
		{7803D832-E883-4BD6-B2FA-0F876A8535DE}.Release|Any CPU.ActiveCfg = Release|Any CPU
		{7803D832-E883-4BD6-B2FA-0F876A8535DE}.Release|Any CPU.Build.0 = Release|Any CPU
		{007F721B-2E77-4B81-BA4E-3A50191C2B1A}.Debug|Any CPU.ActiveCfg = Debug|Any CPU
		{007F721B-2E77-4B81-BA4E-3A50191C2B1A}.Debug|Any CPU.Build.0 = Debug|Any CPU
		{007F721B-2E77-4B81-BA4E-3A50191C2B1A}.Release|Any CPU.ActiveCfg = Release|Any CPU
		{007F721B-2E77-4B81-BA4E-3A50191C2B1A}.Release|Any CPU.Build.0 = Release|Any CPU
		{92F4E62F-27D5-40A9-A63D-E22C52C0C41D}.Debug|Any CPU.ActiveCfg = Debug|Any CPU
		{92F4E62F-27D5-40A9-A63D-E22C52C0C41D}.Debug|Any CPU.Build.0 = Debug|Any CPU
		{92F4E62F-27D5-40A9-A63D-E22C52C0C41D}.Release|Any CPU.ActiveCfg = Release|Any CPU
		{92F4E62F-27D5-40A9-A63D-E22C52C0C41D}.Release|Any CPU.Build.0 = Release|Any CPU
	EndGlobalSection
	GlobalSection(NestedProjects) = preSolution
		{97241024-30A9-44FF-B116-AB07E6577586} = {CD7514AD-2227-42B5-829F-2A416B901DEF}
		{7803D832-E883-4BD6-B2FA-0F876A8535DE} = {BF520D7C-1A5B-4413-BEC2-4DD1D94BE6A3}
		{007F721B-2E77-4B81-BA4E-3A50191C2B1A} = {A916EBB0-491C-440C-844D-B4E29F0A372F}
		{92F4E62F-27D5-40A9-A63D-E22C52C0C41D} = {A916EBB0-491C-440C-844D-B4E29F0A372F}
	EndGlobalSection
EndGlobal
